
Microsoft Visual Studio Solution File, Format Version 12.00
# Visual Studio Version 17
VisualStudioVersion = 17.6.33829.357
MinimumVisualStudioVersion = 10.0.40219.1
Project("{FAE04EC0-301F-11D3-BF4B-00C04F79EFBC}") = "Order.API", "Order.API\Order.API.csproj", "{C407C49C-4468-4E9B-A323-75E0B8D46BF7}"
EndProject
Project("{FAE04EC0-301F-11D3-BF4B-00C04F79EFBC}") = "Payment.API", "Payment.API\Payment.API.csproj", "{C9E73715-6A3A-42B2-BF52-5B4BE29B3B7A}"
EndProject
Project("{FAE04EC0-301F-11D3-BF4B-00C04F79EFBC}") = "Stock.API", "Stock.API\Stock.API.csproj", "{F33102D5-E0F9-4C9F-85AC-09F22CA05FBF}"
EndProject
Project("{FAE04EC0-301F-11D3-BF4B-00C04F79EFBC}") = "Shared", "Shared\Shared.csproj", "{711E2629-A144-4A4C-89C6-26BCBC4F578B}"
EndProject
Project("{FAE04EC0-301F-11D3-BF4B-00C04F79EFBC}") = "SagaStateMachine.Service", "SagaStateMachine.Service\SagaStateMachine.Service.csproj", "{0F7D718C-ECCA-40C4-B548-203FCC3C2228}"
EndProject
Global
	GlobalSection(SolutionConfigurationPlatforms) = preSolution
		Debug|Any CPU = Debug|Any CPU
		Release|Any CPU = Release|Any CPU
	EndGlobalSection
	GlobalSection(ProjectConfigurationPlatforms) = postSolution
		{C407C49C-4468-4E9B-A323-75E0B8D46BF7}.Debug|Any CPU.ActiveCfg = Debug|Any CPU
		{C407C49C-4468-4E9B-A323-75E0B8D46BF7}.Debug|Any CPU.Build.0 = Debug|Any CPU
		{C407C49C-4468-4E9B-A323-75E0B8D46BF7}.Release|Any CPU.ActiveCfg = Release|Any CPU
		{C407C49C-4468-4E9B-A323-75E0B8D46BF7}.Release|Any CPU.Build.0 = Release|Any CPU
		{C9E73715-6A3A-42B2-BF52-5B4BE29B3B7A}.Debug|Any CPU.ActiveCfg = Debug|Any CPU
		{C9E73715-6A3A-42B2-BF52-5B4BE29B3B7A}.Debug|Any CPU.Build.0 = Debug|Any CPU
		{C9E73715-6A3A-42B2-BF52-5B4BE29B3B7A}.Release|Any CPU.ActiveCfg = Release|Any CPU
		{C9E73715-6A3A-42B2-BF52-5B4BE29B3B7A}.Release|Any CPU.Build.0 = Release|Any CPU
		{F33102D5-E0F9-4C9F-85AC-09F22CA05FBF}.Debug|Any CPU.ActiveCfg = Debug|Any CPU
		{F33102D5-E0F9-4C9F-85AC-09F22CA05FBF}.Debug|Any CPU.Build.0 = Debug|Any CPU
		{F33102D5-E0F9-4C9F-85AC-09F22CA05FBF}.Release|Any CPU.ActiveCfg = Release|Any CPU
		{F33102D5-E0F9-4C9F-85AC-09F22CA05FBF}.Release|Any CPU.Build.0 = Release|Any CPU
		{711E2629-A144-4A4C-89C6-26BCBC4F578B}.Debug|Any CPU.ActiveCfg = Debug|Any CPU
		{711E2629-A144-4A4C-89C6-26BCBC4F578B}.Debug|Any CPU.Build.0 = Debug|Any CPU
		{711E2629-A144-4A4C-89C6-26BCBC4F578B}.Release|Any CPU.ActiveCfg = Release|Any CPU
		{711E2629-A144-4A4C-89C6-26BCBC4F578B}.Release|Any CPU.Build.0 = Release|Any CPU
		{0F7D718C-ECCA-40C4-B548-203FCC3C2228}.Debug|Any CPU.ActiveCfg = Debug|Any CPU
		{0F7D718C-ECCA-40C4-B548-203FCC3C2228}.Debug|Any CPU.Build.0 = Debug|Any CPU
		{0F7D718C-ECCA-40C4-B548-203FCC3C2228}.Release|Any CPU.ActiveCfg = Release|Any CPU
		{0F7D718C-ECCA-40C4-B548-203FCC3C2228}.Release|Any CPU.Build.0 = Release|Any CPU
	EndGlobalSection
	GlobalSection(SolutionProperties) = preSolution
		HideSolutionNode = FALSE
	EndGlobalSection
	GlobalSection(ExtensibilityGlobals) = postSolution
		SolutionGuid = {312FA993-DA40-486A-99BB-42CFAFB90D54}
	EndGlobalSection
EndGlobal
